
Microsoft Visual Studio Solution File, Format Version 12.00
# Visual Studio Version 16
VisualStudioVersion = 16.0.31702.278
MinimumVisualStudioVersion = 10.0.40219.1
Project("{9A19103F-16F7-4668-BE54-9A1E7A4F7556}") = "SemanticConsole", "SemanticConsole\SemanticConsole.csproj", "{E308A9F9-BA67-4183-98C1-FDDADB6BBCE6}"
EndProject
Project("{2150E333-8FDC-42A3-9474-1A3956D46DE8}") = "md", "md", "{841FD4F6-BE95-4D84-A56E-DAAEA6C066E3}"
	ProjectSection(SolutionItems) = preProject
		CHANGELOG.md = CHANGELOG.md
		README.md = README.md
	EndProjectSection
EndProject
Project("{2150E333-8FDC-42A3-9474-1A3956D46DE8}") = "semantic-release-config", "semantic-release-config", "{51DC564E-03A1-415C-8DF9-830F9B246613}"
	ProjectSection(SolutionItems) = preProject
		.releaserc = .releaserc
	EndProjectSection
EndProject
Project("{FAE04EC0-301F-11D3-BF4B-00C04F79EFBC}") = "ExampleUnitTests", "ExampleUnitTests\ExampleUnitTests.csproj", "{E924EA2F-E601-4C9A-8E40-D6F398623B6E}"
EndProject
Global
	GlobalSection(SolutionConfigurationPlatforms) = preSolution
		Debug|Any CPU = Debug|Any CPU
		Release|Any CPU = Release|Any CPU
	EndGlobalSection
	GlobalSection(ProjectConfigurationPlatforms) = postSolution
		{E308A9F9-BA67-4183-98C1-FDDADB6BBCE6}.Debug|Any CPU.ActiveCfg = Debug|Any CPU
		{E308A9F9-BA67-4183-98C1-FDDADB6BBCE6}.Debug|Any CPU.Build.0 = Debug|Any CPU
		{E308A9F9-BA67-4183-98C1-FDDADB6BBCE6}.Release|Any CPU.ActiveCfg = Release|Any CPU
		{E308A9F9-BA67-4183-98C1-FDDADB6BBCE6}.Release|Any CPU.Build.0 = Release|Any CPU
		{E924EA2F-E601-4C9A-8E40-D6F398623B6E}.Debug|Any CPU.ActiveCfg = Debug|Any CPU
		{E924EA2F-E601-4C9A-8E40-D6F398623B6E}.Debug|Any CPU.Build.0 = Debug|Any CPU
		{E924EA2F-E601-4C9A-8E40-D6F398623B6E}.Release|Any CPU.ActiveCfg = Release|Any CPU
		{E924EA2F-E601-4C9A-8E40-D6F398623B6E}.Release|Any CPU.Build.0 = Release|Any CPU
	EndGlobalSection
	GlobalSection(SolutionProperties) = preSolution
		HideSolutionNode = FALSE
	EndGlobalSection
	GlobalSection(ExtensibilityGlobals) = postSolution
		SolutionGuid = {BB12E696-1514-4CD8-AF69-BFB75B6B26E3}
	EndGlobalSection
EndGlobal
